
Microsoft Visual Studio Solution File, Format Version 12.00
# Visual Studio Version 17
VisualStudioVersion = 17.3.32811.315
MinimumVisualStudioVersion = 10.0.40219.1
Project("{FAE04EC0-301F-11D3-BF4B-00C04F79EFBC}") = "AstroServer", "AstroServer\AstroServer.csproj", "{8F7E444E-A6C8-4D08-952A-2B677954F08D}"
EndProject
Global
	GlobalSection(SolutionConfigurationPlatforms) = preSolution
		Debug|Any CPU = Debug|Any CPU
		Release|Any CPU = Release|Any CPU
	EndGlobalSection
	GlobalSection(ProjectConfigurationPlatforms) = postSolution
		{8F7E444E-A6C8-4D08-952A-2B677954F08D}.Debug|Any CPU.ActiveCfg = Debug|Any CPU
		{8F7E444E-A6C8-4D08-952A-2B677954F08D}.Debug|Any CPU.Build.0 = Debug|Any CPU
		{8F7E444E-A6C8-4D08-952A-2B677954F08D}.Release|Any CPU.ActiveCfg = Release|Any CPU
		{8F7E444E-A6C8-4D08-952A-2B677954F08D}.Release|Any CPU.Build.0 = Release|Any CPU
	EndGlobalSection
	GlobalSection(SolutionProperties) = preSolution
		HideSolutionNode = FALSE
	EndGlobalSection
	GlobalSection(ExtensibilityGlobals) = postSolution
		SolutionGuid = {C37791B7-0659-4480-B4F2-B39D59AE8C99}
	EndGlobalSection
EndGlobal
